
Microsoft Visual Studio Solution File, Format Version 12.00
# Visual Studio Version 16
VisualStudioVersion = 16.0.29728.190
MinimumVisualStudioVersion = 10.0.40219.1
Project("{FAE04EC0-301F-11D3-BF4B-00C04F79EFBC}") = "Nexgen.Fido2", "Nexgen.Fido2\Nexgen.Fido2.csproj", "{96EAC659-2B39-4176-B2AB-79D6C1F17948}"
EndProject
Project("{FAE04EC0-301F-11D3-BF4B-00C04F79EFBC}") = "Nexgen.Fido2.Test", "Nexgen.Fido2.Test\Nexgen.Fido2.Test.csproj", "{4CD58308-ADDA-4301-A8E1-43C84BC6889D}"
EndProject
Global
	GlobalSection(SolutionConfigurationPlatforms) = preSolution
		Debug|Any CPU = Debug|Any CPU
		Release|Any CPU = Release|Any CPU
	EndGlobalSection
	GlobalSection(ProjectConfigurationPlatforms) = postSolution
		{96EAC659-2B39-4176-B2AB-79D6C1F17948}.Debug|Any CPU.ActiveCfg = Debug|Any CPU
		{96EAC659-2B39-4176-B2AB-79D6C1F17948}.Debug|Any CPU.Build.0 = Debug|Any CPU
		{96EAC659-2B39-4176-B2AB-79D6C1F17948}.Release|Any CPU.ActiveCfg = Release|Any CPU
		{96EAC659-2B39-4176-B2AB-79D6C1F17948}.Release|Any CPU.Build.0 = Release|Any CPU
		{4CD58308-ADDA-4301-A8E1-43C84BC6889D}.Debug|Any CPU.ActiveCfg = Debug|Any CPU
		{4CD58308-ADDA-4301-A8E1-43C84BC6889D}.Debug|Any CPU.Build.0 = Debug|Any CPU
		{4CD58308-ADDA-4301-A8E1-43C84BC6889D}.Release|Any CPU.ActiveCfg = Release|Any CPU
		{4CD58308-ADDA-4301-A8E1-43C84BC6889D}.Release|Any CPU.Build.0 = Release|Any CPU
	EndGlobalSection
	GlobalSection(SolutionProperties) = preSolution
		HideSolutionNode = FALSE
	EndGlobalSection
	GlobalSection(ExtensibilityGlobals) = postSolution
		SolutionGuid = {CD17A08E-1F0D-4651-A9F0-69A60FC54C72}
	EndGlobalSection
EndGlobal
